
Microsoft Visual Studio Solution File, Format Version 12.00
# Visual Studio 2012
Project("{FAE04EC0-301F-11D3-BF4B-00C04F79EFBC}") = "RobotFinder", "RobotFinder\RobotFinder.csproj", "{B51EAEEE-C110-43CC-B434-B47CFE57E95A}"
EndProject
Project("{FAE04EC0-301F-11D3-BF4B-00C04F79EFBC}") = "RobotFinderLibrary", "RobotFinderLibrary\RobotFinderLibrary.csproj", "{1D0FEECB-4F7E-41C7-9B06-4DEF51915212}"
EndProject
Global
	GlobalSection(SolutionConfigurationPlatforms) = preSolution
		Debug|Any CPU = Debug|Any CPU
		Debug|x86 = Debug|x86
		Release|Any CPU = Release|Any CPU
		Release|x86 = Release|x86
	EndGlobalSection
	GlobalSection(ProjectConfigurationPlatforms) = postSolution
		{B51EAEEE-C110-43CC-B434-B47CFE57E95A}.Debug|Any CPU.ActiveCfg = Debug|Any CPU
		{B51EAEEE-C110-43CC-B434-B47CFE57E95A}.Debug|Any CPU.Build.0 = Debug|Any CPU
		{B51EAEEE-C110-43CC-B434-B47CFE57E95A}.Debug|x86.ActiveCfg = Debug|x86
		{B51EAEEE-C110-43CC-B434-B47CFE57E95A}.Debug|x86.Build.0 = Debug|x86
		{B51EAEEE-C110-43CC-B434-B47CFE57E95A}.Release|Any CPU.ActiveCfg = Release|Any CPU
		{B51EAEEE-C110-43CC-B434-B47CFE57E95A}.Release|Any CPU.Build.0 = Release|Any CPU
		{B51EAEEE-C110-43CC-B434-B47CFE57E95A}.Release|x86.ActiveCfg = Release|x86
		{B51EAEEE-C110-43CC-B434-B47CFE57E95A}.Release|x86.Build.0 = Release|x86
		{1D0FEECB-4F7E-41C7-9B06-4DEF51915212}.Debug|Any CPU.ActiveCfg = Debug|Any CPU
		{1D0FEECB-4F7E-41C7-9B06-4DEF51915212}.Debug|Any CPU.Build.0 = Debug|Any CPU
		{1D0FEECB-4F7E-41C7-9B06-4DEF51915212}.Debug|x86.ActiveCfg = Debug|x86
		{1D0FEECB-4F7E-41C7-9B06-4DEF51915212}.Debug|x86.Build.0 = Debug|x86
		{1D0FEECB-4F7E-41C7-9B06-4DEF51915212}.Release|Any CPU.ActiveCfg = Release|Any CPU
		{1D0FEECB-4F7E-41C7-9B06-4DEF51915212}.Release|Any CPU.Build.0 = Release|Any CPU
		{1D0FEECB-4F7E-41C7-9B06-4DEF51915212}.Release|x86.ActiveCfg = Release|x86
		{1D0FEECB-4F7E-41C7-9B06-4DEF51915212}.Release|x86.Build.0 = Release|x86
	EndGlobalSection
	GlobalSection(SolutionProperties) = preSolution
		HideSolutionNode = FALSE
	EndGlobalSection
EndGlobal
